// !$*UTF8*$!
{
	archiveVersion = 1;
	classes = {
	};
	objectVersion = 77;
	objects = {

/* Begin PBXBuildFile section */
		07C823732DCCB30B0090B288 /* FirebaseAnalytics in Frameworks */ = {isa = PBXBuildFile; productRef = 07C823722DCCB30B0090B288 /* FirebaseAnalytics */; };
		07C823752DCCB30B0090B288 /* FirebaseAnalyticsOnDeviceConversion in Frameworks */ = {isa = PBXBuildFile; productRef = 07C823742DCCB30B0090B288 /* FirebaseAnalyticsOnDeviceConversion */; };
		07C823772DCCB30B0090B288 /* FirebaseAnalyticsWithoutAdIdSupport in Frameworks */ = {isa = PBXBuildFile; productRef = 07C823762DCCB30B0090B288 /* FirebaseAnalyticsWithoutAdIdSupport */; };
		07C823792DCCB30B0090B288 /* FirebaseAppCheck in Frameworks */ = {isa = PBXBuildFile; productRef = 07C823782DCCB30B0090B288 /* FirebaseAppCheck */; };
		07C8237B2DCCB30B0090B288 /* FirebaseAppDistribution-Beta in Frameworks */ = {isa = PBXBuildFile; productRef = 07C8237A2DCCB30B0090B288 /* FirebaseAppDistribution-Beta */; };
		07C8237F2DCCBA210090B288 /* FirebaseMessaging in Frameworks */ = {isa = PBXBuildFile; productRef = 07C8237E2DCCBA210090B288 /* FirebaseMessaging */; };
		07C824F32DD12D300090B288 /* .gitignore in Resources */ = {isa = PBXBuildFile; fileRef = 07C824F22DD12D300090B288 /* .gitignore */; };
		07F471682DAD0A13004E1818 /* Alamofire in Frameworks */ = {isa = PBXBuildFile; productRef = 07F471672DAD0A13004E1818 /* Alamofire */; };
/* End PBXBuildFile section */

/* Begin PBXContainerItemProxy section */
		07F470CB2DACF5B9004E1818 /* PBXContainerItemProxy */ = {
			isa = PBXContainerItemProxy;
			containerPortal = 07F470B32DACF5B8004E1818 /* Project object */;
			proxyType = 1;
			remoteGlobalIDString = 07F470BA2DACF5B8004E1818;
			remoteInfo = Hyodor;
		};
		07F470D52DACF5B9004E1818 /* PBXContainerItemProxy */ = {
			isa = PBXContainerItemProxy;
			containerPortal = 07F470B32DACF5B8004E1818 /* Project object */;
			proxyType = 1;
			remoteGlobalIDString = 07F470BA2DACF5B8004E1818;
			remoteInfo = Hyodor;
		};
/* End PBXContainerItemProxy section */

/* Begin PBXFileReference section */
		07C824F22DD12D300090B288 /* .gitignore */ = {isa = PBXFileReference; lastKnownFileType = text; path = .gitignore; sourceTree = "<group>"; };
		07F470BB2DACF5B8004E1818 /* Hyodor.app */ = {isa = PBXFileReference; explicitFileType = wrapper.application; includeInIndex = 0; path = Hyodor.app; sourceTree = BUILT_PRODUCTS_DIR; };
		07F470CA2DACF5B9004E1818 /* HyodorTests.xctest */ = {isa = PBXFileReference; explicitFileType = wrapper.cfbundle; includeInIndex = 0; path = HyodorTests.xctest; sourceTree = BUILT_PRODUCTS_DIR; };
		07F470D42DACF5B9004E1818 /* HyodorUITests.xctest */ = {isa = PBXFileReference; explicitFileType = wrapper.cfbundle; includeInIndex = 0; path = HyodorUITests.xctest; sourceTree = BUILT_PRODUCTS_DIR; };
/* End PBXFileReference section */

/* Begin PBXFileSystemSynchronizedBuildFileExceptionSet section */
		07C820F62DBA33670090B288 /* Exceptions for "Hyodor" folder in "Hyodor" target */ = {
			isa = PBXFileSystemSynchronizedBuildFileExceptionSet;
			membershipExceptions = (
				Resource/Info.plist,
			);
			target = 07F470BA2DACF5B8004E1818 /* Hyodor */;
		};
/* End PBXFileSystemSynchronizedBuildFileExceptionSet section */

/* Begin PBXFileSystemSynchronizedRootGroup section */
		07F470BD2DACF5B8004E1818 /* Hyodor */ = {
			isa = PBXFileSystemSynchronizedRootGroup;
			exceptions = (
				07C820F62DBA33670090B288 /* Exceptions for "Hyodor" folder in "Hyodor" target */,
			);
			path = Hyodor;
			sourceTree = "<group>";
		};
		07F470CD2DACF5B9004E1818 /* HyodorTests */ = {
			isa = PBXFileSystemSynchronizedRootGroup;
			path = HyodorTests;
			sourceTree = "<group>";
		};
		07F470D72DACF5B9004E1818 /* HyodorUITests */ = {
			isa = PBXFileSystemSynchronizedRootGroup;
			path = HyodorUITests;
			sourceTree = "<group>";
		};
/* End PBXFileSystemSynchronizedRootGroup section */

/* Begin PBXFrameworksBuildPhase section */
		07F470B82DACF5B8004E1818 /* Frameworks */ = {
			isa = PBXFrameworksBuildPhase;
			buildActionMask = 2147483647;
			files = (
				07C823732DCCB30B0090B288 /* FirebaseAnalytics in Frameworks */,
				07C823752DCCB30B0090B288 /* FirebaseAnalyticsOnDeviceConversion in Frameworks */,
				07C8237F2DCCBA210090B288 /* FirebaseMessaging in Frameworks */,
				07F471682DAD0A13004E1818 /* Alamofire in Frameworks */,
				07C823792DCCB30B0090B288 /* FirebaseAppCheck in Frameworks */,
				07C823772DCCB30B0090B288 /* FirebaseAnalyticsWithoutAdIdSupport in Frameworks */,
				07C8237B2DCCB30B0090B288 /* FirebaseAppDistribution-Beta in Frameworks */,
			);
			runOnlyForDeploymentPostprocessing = 0;
		};
		07F470C72DACF5B9004E1818 /* Frameworks */ = {
			isa = PBXFrameworksBuildPhase;
			buildActionMask = 2147483647;
			files = (
			);
			runOnlyForDeploymentPostprocessing = 0;
		};
		07F470D12DACF5B9004E1818 /* Frameworks */ = {
			isa = PBXFrameworksBuildPhase;
			buildActionMask = 2147483647;
			files = (
			);
			runOnlyForDeploymentPostprocessing = 0;
		};
/* End PBXFrameworksBuildPhase section */

/* Begin PBXGroup section */
		07C8237D2DCCBA210090B288 /* Frameworks */ = {
			isa = PBXGroup;
			children = (
			);
			name = Frameworks;
			sourceTree = "<group>";
		};
		07F470B22DACF5B8004E1818 = {
			isa = PBXGroup;
			children = (
				07C824F22DD12D300090B288 /* .gitignore */,
				07F470BD2DACF5B8004E1818 /* Hyodor */,
				07F470CD2DACF5B9004E1818 /* HyodorTests */,
				07F470D72DACF5B9004E1818 /* HyodorUITests */,
				07C8237D2DCCBA210090B288 /* Frameworks */,
				07F470BC2DACF5B8004E1818 /* Products */,
			);
			sourceTree = "<group>";
		};
		07F470BC2DACF5B8004E1818 /* Products */ = {
			isa = PBXGroup;
			children = (
				07F470BB2DACF5B8004E1818 /* Hyodor.app */,
				07F470CA2DACF5B9004E1818 /* HyodorTests.xctest */,
				07F470D42DACF5B9004E1818 /* HyodorUITests.xctest */,
			);
			name = Products;
			sourceTree = "<group>";
		};
/* End PBXGroup section */

/* Begin PBXNativeTarget section */
		07F470BA2DACF5B8004E1818 /* Hyodor */ = {
			isa = PBXNativeTarget;
			buildConfigurationList = 07F470DE2DACF5B9004E1818 /* Build configuration list for PBXNativeTarget "Hyodor" */;
			buildPhases = (
				07F470B72DACF5B8004E1818 /* Sources */,
				07F470B82DACF5B8004E1818 /* Frameworks */,
				07F470B92DACF5B8004E1818 /* Resources */,
			);
			buildRules = (
			);
			dependencies = (
			);
			fileSystemSynchronizedGroups = (
				07F470BD2DACF5B8004E1818 /* Hyodor */,
			);
			name = Hyodor;
			packageProductDependencies = (
				07F471672DAD0A13004E1818 /* Alamofire */,
				07C823722DCCB30B0090B288 /* FirebaseAnalytics */,
				07C823742DCCB30B0090B288 /* FirebaseAnalyticsOnDeviceConversion */,
				07C823762DCCB30B0090B288 /* FirebaseAnalyticsWithoutAdIdSupport */,
				07C823782DCCB30B0090B288 /* FirebaseAppCheck */,
				07C8237A2DCCB30B0090B288 /* FirebaseAppDistribution-Beta */,
				07C8237E2DCCBA210090B288 /* FirebaseMessaging */,
			);
			productName = Hyodor;
			productReference = 07F470BB2DACF5B8004E1818 /* Hyodor.app */;
			productType = "com.apple.product-type.application";
		};
		07F470C92DACF5B9004E1818 /* HyodorTests */ = {
			isa = PBXNativeTarget;
			buildConfigurationList = 07F470E12DACF5B9004E1818 /* Build configuration list for PBXNativeTarget "HyodorTests" */;
			buildPhases = (
				07F470C62DACF5B9004E1818 /* Sources */,
				07F470C72DACF5B9004E1818 /* Frameworks */,
				07F470C82DACF5B9004E1818 /* Resources */,
			);
			buildRules = (
			);
			dependencies = (
				07F470CC2DACF5B9004E1818 /* PBXTargetDependency */,
			);
			fileSystemSynchronizedGroups = (
				07F470CD2DACF5B9004E1818 /* HyodorTests */,
			);
			name = HyodorTests;
			packageProductDependencies = (
			);
			productName = HyodorTests;
			productReference = 07F470CA2DACF5B9004E1818 /* HyodorTests.xctest */;
			productType = "com.apple.product-type.bundle.unit-test";
		};
		07F470D32DACF5B9004E1818 /* HyodorUITests */ = {
			isa = PBXNativeTarget;
			buildConfigurationList = 07F470E42DACF5B9004E1818 /* Build configuration list for PBXNativeTarget "HyodorUITests" */;
			buildPhases = (
				07F470D02DACF5B9004E1818 /* Sources */,
				07F470D12DACF5B9004E1818 /* Frameworks */,
				07F470D22DACF5B9004E1818 /* Resources */,
			);
			buildRules = (
			);
			dependencies = (
				07F470D62DACF5B9004E1818 /* PBXTargetDependency */,
			);
			fileSystemSynchronizedGroups = (
				07F470D72DACF5B9004E1818 /* HyodorUITests */,
			);
			name = HyodorUITests;
			packageProductDependencies = (
			);
			productName = HyodorUITests;
			productReference = 07F470D42DACF5B9004E1818 /* HyodorUITests.xctest */;
			productType = "com.apple.product-type.bundle.ui-testing";
		};
/* End PBXNativeTarget section */

/* Begin PBXProject section */
		07F470B32DACF5B8004E1818 /* Project object */ = {
			isa = PBXProject;
			attributes = {
				BuildIndependentTargetsInParallel = 1;
				LastSwiftUpdateCheck = 1630;
				LastUpgradeCheck = 1630;
				TargetAttributes = {
					07F470BA2DACF5B8004E1818 = {
						CreatedOnToolsVersion = 16.3;
					};
					07F470C92DACF5B9004E1818 = {
						CreatedOnToolsVersion = 16.3;
						TestTargetID = 07F470BA2DACF5B8004E1818;
					};
					07F470D32DACF5B9004E1818 = {
						CreatedOnToolsVersion = 16.3;
						TestTargetID = 07F470BA2DACF5B8004E1818;
					};
				};
			};
			buildConfigurationList = 07F470B62DACF5B8004E1818 /* Build configuration list for PBXProject "Hyodor" */;
			developmentRegion = en;
			hasScannedForEncodings = 0;
			knownRegions = (
				en,
				Base,
			);
			mainGroup = 07F470B22DACF5B8004E1818;
			minimizedProjectReferenceProxies = 1;
			packageReferences = (
				07F4712D2DAD098C004E1818 /* XCRemoteSwiftPackageReference "Alamofire" */,
				07C823712DCCB30B0090B288 /* XCRemoteSwiftPackageReference "firebase-ios-sdk" */,
			);
			preferredProjectObjectVersion = 77;
			productRefGroup = 07F470BC2DACF5B8004E1818 /* Products */;
			projectDirPath = "";
			projectRoot = "";
			targets = (
				07F470BA2DACF5B8004E1818 /* Hyodor */,
				07F470C92DACF5B9004E1818 /* HyodorTests */,
				07F470D32DACF5B9004E1818 /* HyodorUITests */,
			);
		};
/* End PBXProject section */

/* Begin PBXResourcesBuildPhase section */
		07F470B92DACF5B8004E1818 /* Resources */ = {
			isa = PBXResourcesBuildPhase;
			buildActionMask = 2147483647;
			files = (
				07C824F32DD12D300090B288 /* .gitignore in Resources */,
			);
			runOnlyForDeploymentPostprocessing = 0;
		};
		07F470C82DACF5B9004E1818 /* Resources */ = {
			isa = PBXResourcesBuildPhase;
			buildActionMask = 2147483647;
			files = (
			);
			runOnlyForDeploymentPostprocessing = 0;
		};
		07F470D22DACF5B9004E1818 /* Resources */ = {
			isa = PBXResourcesBuildPhase;
			buildActionMask = 2147483647;
			files = (
			);
			runOnlyForDeploymentPostprocessing = 0;
		};
/* End PBXResourcesBuildPhase section */

/* Begin PBXSourcesBuildPhase section */
		07F470B72DACF5B8004E1818 /* Sources */ = {
			isa = PBXSourcesBuildPhase;
			buildActionMask = 2147483647;
			files = (
			);
			runOnlyForDeploymentPostprocessing = 0;
		};
		07F470C62DACF5B9004E1818 /* Sources */ = {
			isa = PBXSourcesBuildPhase;
			buildActionMask = 2147483647;
			files = (
			);
			runOnlyForDeploymentPostprocessing = 0;
		};
		07F470D02DACF5B9004E1818 /* Sources */ = {
			isa = PBXSourcesBuildPhase;
			buildActionMask = 2147483647;
			files = (
			);
			runOnlyForDeploymentPostprocessing = 0;
		};
/* End PBXSourcesBuildPhase section */

/* Begin PBXTargetDependency section */
		07F470CC2DACF5B9004E1818 /* PBXTargetDependency */ = {
			isa = PBXTargetDependency;
			target = 07F470BA2DACF5B8004E1818 /* Hyodor */;
			targetProxy = 07F470CB2DACF5B9004E1818 /* PBXContainerItemProxy */;
		};
		07F470D62DACF5B9004E1818 /* PBXTargetDependency */ = {
			isa = PBXTargetDependency;
			target = 07F470BA2DACF5B8004E1818 /* Hyodor */;
			targetProxy = 07F470D52DACF5B9004E1818 /* PBXContainerItemProxy */;
		};
/* End PBXTargetDependency section */

/* Begin XCBuildConfiguration section */
		07F470DC2DACF5B9004E1818 /* Debug */ = {
			isa = XCBuildConfiguration;
			buildSettings = {
				ALWAYS_SEARCH_USER_PATHS = NO;
				ASSETCATALOG_COMPILER_GENERATE_SWIFT_ASSET_SYMBOL_EXTENSIONS = YES;
				CLANG_ANALYZER_NONNULL = YES;
				CLANG_ANALYZER_NUMBER_OBJECT_CONVERSION = YES_AGGRESSIVE;
				CLANG_CXX_LANGUAGE_STANDARD = "gnu++20";
				CLANG_ENABLE_MODULES = YES;
				CLANG_ENABLE_OBJC_ARC = YES;
				CLANG_ENABLE_OBJC_WEAK = YES;
				CLANG_WARN_BLOCK_CAPTURE_AUTORELEASING = YES;
				CLANG_WARN_BOOL_CONVERSION = YES;
				CLANG_WARN_COMMA = YES;
				CLANG_WARN_CONSTANT_CONVERSION = YES;
				CLANG_WARN_DEPRECATED_OBJC_IMPLEMENTATIONS = YES;
				CLANG_WARN_DIRECT_OBJC_ISA_USAGE = YES_ERROR;
				CLANG_WARN_DOCUMENTATION_COMMENTS = YES;
				CLANG_WARN_EMPTY_BODY = YES;
				CLANG_WARN_ENUM_CONVERSION = YES;
				CLANG_WARN_INFINITE_RECURSION = YES;
				CLANG_WARN_INT_CONVERSION = YES;
				CLANG_WARN_NON_LITERAL_NULL_CONVERSION = YES;
				CLANG_WARN_OBJC_IMPLICIT_RETAIN_SELF = YES;
				CLANG_WARN_OBJC_LITERAL_CONVERSION = YES;
				CLANG_WARN_OBJC_ROOT_CLASS = YES_ERROR;
				CLANG_WARN_QUOTED_INCLUDE_IN_FRAMEWORK_HEADER = YES;
				CLANG_WARN_RANGE_LOOP_ANALYSIS = YES;
				CLANG_WARN_STRICT_PROTOTYPES = YES;
				CLANG_WARN_SUSPICIOUS_MOVE = YES;
				CLANG_WARN_UNGUARDED_AVAILABILITY = YES_AGGRESSIVE;
				CLANG_WARN_UNREACHABLE_CODE = YES;
				CLANG_WARN__DUPLICATE_METHOD_MATCH = YES;
				COPY_PHASE_STRIP = NO;
				DEBUG_INFORMATION_FORMAT = dwarf;
				DEVELOPMENT_TEAM = MQR4AUJW5C;
				ENABLE_STRICT_OBJC_MSGSEND = YES;
				ENABLE_TESTABILITY = YES;
				ENABLE_USER_SCRIPT_SANDBOXING = YES;
				GCC_C_LANGUAGE_STANDARD = gnu17;
				GCC_DYNAMIC_NO_PIC = NO;
				GCC_NO_COMMON_BLOCKS = YES;
				GCC_OPTIMIZATION_LEVEL = 0;
				GCC_PREPROCESSOR_DEFINITIONS = (
					"DEBUG=1",
					"$(inherited)",
				);
				GCC_WARN_64_TO_32_BIT_CONVERSION = YES;
				GCC_WARN_ABOUT_RETURN_TYPE = YES_ERROR;
				GCC_WARN_UNDECLARED_SELECTOR = YES;
				GCC_WARN_UNINITIALIZED_AUTOS = YES_AGGRESSIVE;
				GCC_WARN_UNUSED_FUNCTION = YES;
				GCC_WARN_UNUSED_VARIABLE = YES;
				IPHONEOS_DEPLOYMENT_TARGET = 18.4;
				LOCALIZATION_PREFERS_STRING_CATALOGS = YES;
				MTL_ENABLE_DEBUG_INFO = INCLUDE_SOURCE;
				MTL_FAST_MATH = YES;
				ONLY_ACTIVE_ARCH = YES;
				SDKROOT = iphoneos;
				SWIFT_ACTIVE_COMPILATION_CONDITIONS = "DEBUG $(inherited)";
				SWIFT_OPTIMIZATION_LEVEL = "-Onone";
			};
			name = Debug;
		};
		07F470DD2DACF5B9004E1818 /* Release */ = {
			isa = XCBuildConfiguration;
			buildSettings = {
				ALWAYS_SEARCH_USER_PATHS = NO;
				ASSETCATALOG_COMPILER_GENERATE_SWIFT_ASSET_SYMBOL_EXTENSIONS = YES;
				CLANG_ANALYZER_NONNULL = YES;
				CLANG_ANALYZER_NUMBER_OBJECT_CONVERSION = YES_AGGRESSIVE;
				CLANG_CXX_LANGUAGE_STANDARD = "gnu++20";
				CLANG_ENABLE_MODULES = YES;
				CLANG_ENABLE_OBJC_ARC = YES;
				CLANG_ENABLE_OBJC_WEAK = YES;
				CLANG_WARN_BLOCK_CAPTURE_AUTORELEASING = YES;
				CLANG_WARN_BOOL_CONVERSION = YES;
				CLANG_WARN_COMMA = YES;
				CLANG_WARN_CONSTANT_CONVERSION = YES;
				CLANG_WARN_DEPRECATED_OBJC_IMPLEMENTATIONS = YES;
				CLANG_WARN_DIRECT_OBJC_ISA_USAGE = YES_ERROR;
				CLANG_WARN_DOCUMENTATION_COMMENTS = YES;
				CLANG_WARN_EMPTY_BODY = YES;
				CLANG_WARN_ENUM_CONVERSION = YES;
				CLANG_WARN_INFINITE_RECURSION = YES;
				CLANG_WARN_INT_CONVERSION = YES;
				CLANG_WARN_NON_LITERAL_NULL_CONVERSION = YES;
				CLANG_WARN_OBJC_IMPLICIT_RETAIN_SELF = YES;
				CLANG_WARN_OBJC_LITERAL_CONVERSION = YES;
				CLANG_WARN_OBJC_ROOT_CLASS = YES_ERROR;
				CLANG_WARN_QUOTED_INCLUDE_IN_FRAMEWORK_HEADER = YES;
				CLANG_WARN_RANGE_LOOP_ANALYSIS = YES;
				CLANG_WARN_STRICT_PROTOTYPES = YES;
				CLANG_WARN_SUSPICIOUS_MOVE = YES;
				CLANG_WARN_UNGUARDED_AVAILABILITY = YES_AGGRESSIVE;
				CLANG_WARN_UNREACHABLE_CODE = YES;
				CLANG_WARN__DUPLICATE_METHOD_MATCH = YES;
				COPY_PHASE_STRIP = NO;
				DEBUG_INFORMATION_FORMAT = "dwarf-with-dsym";
				DEVELOPMENT_TEAM = MQR4AUJW5C;
				ENABLE_NS_ASSERTIONS = NO;
				ENABLE_STRICT_OBJC_MSGSEND = YES;
				ENABLE_USER_SCRIPT_SANDBOXING = YES;
				GCC_C_LANGUAGE_STANDARD = gnu17;
				GCC_NO_COMMON_BLOCKS = YES;
				GCC_WARN_64_TO_32_BIT_CONVERSION = YES;
				GCC_WARN_ABOUT_RETURN_TYPE = YES_ERROR;
				GCC_WARN_UNDECLARED_SELECTOR = YES;
				GCC_WARN_UNINITIALIZED_AUTOS = YES_AGGRESSIVE;
				GCC_WARN_UNUSED_FUNCTION = YES;
				GCC_WARN_UNUSED_VARIABLE = YES;
				IPHONEOS_DEPLOYMENT_TARGET = 18.4;
				LOCALIZATION_PREFERS_STRING_CATALOGS = YES;
				MTL_ENABLE_DEBUG_INFO = NO;
				MTL_FAST_MATH = YES;
				SDKROOT = iphoneos;
				SWIFT_COMPILATION_MODE = wholemodule;
				VALIDATE_PRODUCT = YES;
			};
			name = Release;
		};
		07F470DF2DACF5B9004E1818 /* Debug */ = {
			isa = XCBuildConfiguration;
			buildSettings = {
				ASSETCATALOG_COMPILER_APPICON_NAME = AppIcon;
				ASSETCATALOG_COMPILER_GLOBAL_ACCENT_COLOR_NAME = AccentColor;
				CODE_SIGN_ENTITLEMENTS = Hyodor/Hyodor.entitlements;
				CODE_SIGN_STYLE = Automatic;
				CURRENT_PROJECT_VERSION = 1;
				DEVELOPMENT_TEAM = MQR4AUJW5C;
				ENABLE_PREVIEWS = YES;
				GENERATE_INFOPLIST_FILE = YES;
				INFOPLIST_FILE = Hyodor/Resource/Info.plist;
				INFOPLIST_KEY_NSMicrophoneUsageDescription = "";
				INFOPLIST_KEY_NSPhotoLibraryUsageDescription = "로컬 사진첩 접근 허용";
				INFOPLIST_KEY_UIApplicationSceneManifest_Generation = YES;
				INFOPLIST_KEY_UIApplicationSupportsIndirectInputEvents = YES;
				INFOPLIST_KEY_UILaunchScreen_Generation = YES;
				INFOPLIST_KEY_UISupportedInterfaceOrientations_iPad = "UIInterfaceOrientationPortrait UIInterfaceOrientationPortraitUpsideDown UIInterfaceOrientationLandscapeLeft UIInterfaceOrientationLandscapeRight";
				INFOPLIST_KEY_UISupportedInterfaceOrientations_iPhone = "UIInterfaceOrientationPortrait UIInterfaceOrientationLandscapeLeft UIInterfaceOrientationLandscapeRight";
				LD_RUNPATH_SEARCH_PATHS = (
					"$(inherited)",
					"@executable_path/Frameworks",
				);
				MARKETING_VERSION = 1.0;
				PRODUCT_BUNDLE_IDENTIFIER = com.SangjunKim.Hyodor;
				PRODUCT_NAME = "$(TARGET_NAME)";
				SWIFT_EMIT_LOC_STRINGS = YES;
				SWIFT_VERSION = 5.0;
				TARGETED_DEVICE_FAMILY = "1,2";
			};
			name = Debug;
		};
		07F470E02DACF5B9004E1818 /* Release */ = {
			isa = XCBuildConfiguration;
			buildSettings = {
				ASSETCATALOG_COMPILER_APPICON_NAME = AppIcon;
				ASSETCATALOG_COMPILER_GLOBAL_ACCENT_COLOR_NAME = AccentColor;
				CODE_SIGN_ENTITLEMENTS = Hyodor/Hyodor.entitlements;
				CODE_SIGN_STYLE = Automatic;
				CURRENT_PROJECT_VERSION = 1;
				DEVELOPMENT_TEAM = MQR4AUJW5C;
				ENABLE_PREVIEWS = YES;
				GENERATE_INFOPLIST_FILE = YES;
				INFOPLIST_FILE = Hyodor/Resource/Info.plist;
				INFOPLIST_KEY_NSMicrophoneUsageDescription = "";
				INFOPLIST_KEY_NSPhotoLibraryUsageDescription = "로컬 사진첩 접근 허용";
				INFOPLIST_KEY_UIApplicationSceneManifest_Generation = YES;
				INFOPLIST_KEY_UIApplicationSupportsIndirectInputEvents = YES;
				INFOPLIST_KEY_UILaunchScreen_Generation = YES;
				INFOPLIST_KEY_UISupportedInterfaceOrientations_iPad = "UIInterfaceOrientationPortrait UIInterfaceOrientationPortraitUpsideDown UIInterfaceOrientationLandscapeLeft UIInterfaceOrientationLandscapeRight";
				INFOPLIST_KEY_UISupportedInterfaceOrientations_iPhone = "UIInterfaceOrientationPortrait UIInterfaceOrientationLandscapeLeft UIInterfaceOrientationLandscapeRight";
				LD_RUNPATH_SEARCH_PATHS = (
					"$(inherited)",
					"@executable_path/Frameworks",
				);
				MARKETING_VERSION = 1.0;
				PRODUCT_BUNDLE_IDENTIFIER = com.SangjunKim.Hyodor;
				PRODUCT_NAME = "$(TARGET_NAME)";
				SWIFT_EMIT_LOC_STRINGS = YES;
				SWIFT_VERSION = 5.0;
				TARGETED_DEVICE_FAMILY = "1,2";
			};
			name = Release;
		};
		07F470E22DACF5B9004E1818 /* Debug */ = {
			isa = XCBuildConfiguration;
			buildSettings = {
				BUNDLE_LOADER = "$(TEST_HOST)";
				CODE_SIGN_STYLE = Automatic;
				CURRENT_PROJECT_VERSION = 1;
				DEVELOPMENT_TEAM = MQR4AUJW5C;
				GENERATE_INFOPLIST_FILE = YES;
				IPHONEOS_DEPLOYMENT_TARGET = 18.4;
				MARKETING_VERSION = 1.0;
				PRODUCT_BUNDLE_IDENTIFIER = com.SangjunKim.HyodorTests;
				PRODUCT_NAME = "$(TARGET_NAME)";
				SWIFT_EMIT_LOC_STRINGS = NO;
				SWIFT_VERSION = 5.0;
				TARGETED_DEVICE_FAMILY = "1,2";
				TEST_HOST = "$(BUILT_PRODUCTS_DIR)/Hyodor.app/$(BUNDLE_EXECUTABLE_FOLDER_PATH)/Hyodor";
			};
			name = Debug;
		};
		07F470E32DACF5B9004E1818 /* Release */ = {
			isa = XCBuildConfiguration;
			buildSettings = {
				BUNDLE_LOADER = "$(TEST_HOST)";
				CODE_SIGN_STYLE = Automatic;
				CURRENT_PROJECT_VERSION = 1;
				DEVELOPMENT_TEAM = MQR4AUJW5C;
				GENERATE_INFOPLIST_FILE = YES;
				IPHONEOS_DEPLOYMENT_TARGET = 18.4;
				MARKETING_VERSION = 1.0;
				PRODUCT_BUNDLE_IDENTIFIER = com.SangjunKim.HyodorTests;
				PRODUCT_NAME = "$(TARGET_NAME)";
				SWIFT_EMIT_LOC_STRINGS = NO;
				SWIFT_VERSION = 5.0;
				TARGETED_DEVICE_FAMILY = "1,2";
				TEST_HOST = "$(BUILT_PRODUCTS_DIR)/Hyodor.app/$(BUNDLE_EXECUTABLE_FOLDER_PATH)/Hyodor";
			};
			name = Release;
		};
		07F470E52DACF5B9004E1818 /* Debug */ = {
			isa = XCBuildConfiguration;
			buildSettings = {
				CODE_SIGN_STYLE = Automatic;
				CURRENT_PROJECT_VERSION = 1;
				DEVELOPMENT_TEAM = MQR4AUJW5C;
				GENERATE_INFOPLIST_FILE = YES;
				MARKETING_VERSION = 1.0;
				PRODUCT_BUNDLE_IDENTIFIER = com.SangjunKim.HyodorUITests;
				PRODUCT_NAME = "$(TARGET_NAME)";
				SWIFT_EMIT_LOC_STRINGS = NO;
				SWIFT_VERSION = 5.0;
				TARGETED_DEVICE_FAMILY = "1,2";
				TEST_TARGET_NAME = Hyodor;
			};
			name = Debug;
		};
		07F470E62DACF5B9004E1818 /* Release */ = {
			isa = XCBuildConfiguration;
			buildSettings = {
				CODE_SIGN_STYLE = Automatic;
				CURRENT_PROJECT_VERSION = 1;
				DEVELOPMENT_TEAM = MQR4AUJW5C;
				GENERATE_INFOPLIST_FILE = YES;
				MARKETING_VERSION = 1.0;
				PRODUCT_BUNDLE_IDENTIFIER = com.SangjunKim.HyodorUITests;
				PRODUCT_NAME = "$(TARGET_NAME)";
				SWIFT_EMIT_LOC_STRINGS = NO;
				SWIFT_VERSION = 5.0;
				TARGETED_DEVICE_FAMILY = "1,2";
				TEST_TARGET_NAME = Hyodor;
			};
			name = Release;
		};
/* End XCBuildConfiguration section */

/* Begin XCConfigurationList section */
		07F470B62DACF5B8004E1818 /* Build configuration list for PBXProject "Hyodor" */ = {
			isa = XCConfigurationList;
			buildConfigurations = (
				07F470DC2DACF5B9004E1818 /* Debug */,
				07F470DD2DACF5B9004E1818 /* Release */,
			);
			defaultConfigurationIsVisible = 0;
			defaultConfigurationName = Release;
		};
		07F470DE2DACF5B9004E1818 /* Build configuration list for PBXNativeTarget "Hyodor" */ = {
			isa = XCConfigurationList;
			buildConfigurations = (
				07F470DF2DACF5B9004E1818 /* Debug */,
				07F470E02DACF5B9004E1818 /* Release */,
			);
			defaultConfigurationIsVisible = 0;
			defaultConfigurationName = Release;
		};
		07F470E12DACF5B9004E1818 /* Build configuration list for PBXNativeTarget "HyodorTests" */ = {
			isa = XCConfigurationList;
			buildConfigurations = (
				07F470E22DACF5B9004E1818 /* Debug */,
				07F470E32DACF5B9004E1818 /* Release */,
			);
			defaultConfigurationIsVisible = 0;
			defaultConfigurationName = Release;
		};
		07F470E42DACF5B9004E1818 /* Build configuration list for PBXNativeTarget "HyodorUITests" */ = {
			isa = XCConfigurationList;
			buildConfigurations = (
				07F470E52DACF5B9004E1818 /* Debug */,
				07F470E62DACF5B9004E1818 /* Release */,
			);
			defaultConfigurationIsVisible = 0;
			defaultConfigurationName = Release;
		};
/* End XCConfigurationList section */

/* Begin XCRemoteSwiftPackageReference section */
		07C823712DCCB30B0090B288 /* XCRemoteSwiftPackageReference "firebase-ios-sdk" */ = {
			isa = XCRemoteSwiftPackageReference;
			repositoryURL = "https://github.com/firebase/firebase-ios-sdk.git";
			requirement = {
				kind = upToNextMajorVersion;
				minimumVersion = 11.12.0;
			};
		};
		07F4712D2DAD098C004E1818 /* XCRemoteSwiftPackageReference "Alamofire" */ = {
			isa = XCRemoteSwiftPackageReference;
			repositoryURL = "https://github.com/Alamofire/Alamofire.git";
			requirement = {
				kind = upToNextMajorVersion;
				minimumVersion = 5.10.2;
			};
		};
/* End XCRemoteSwiftPackageReference section */

/* Begin XCSwiftPackageProductDependency section */
		07C823722DCCB30B0090B288 /* FirebaseAnalytics */ = {
			isa = XCSwiftPackageProductDependency;
			package = 07C823712DCCB30B0090B288 /* XCRemoteSwiftPackageReference "firebase-ios-sdk" */;
			productName = FirebaseAnalytics;
		};
		07C823742DCCB30B0090B288 /* FirebaseAnalyticsOnDeviceConversion */ = {
			isa = XCSwiftPackageProductDependency;
			package = 07C823712DCCB30B0090B288 /* XCRemoteSwiftPackageReference "firebase-ios-sdk" */;
			productName = FirebaseAnalyticsOnDeviceConversion;
		};
		07C823762DCCB30B0090B288 /* FirebaseAnalyticsWithoutAdIdSupport */ = {
			isa = XCSwiftPackageProductDependency;
			package = 07C823712DCCB30B0090B288 /* XCRemoteSwiftPackageReference "firebase-ios-sdk" */;
			productName = FirebaseAnalyticsWithoutAdIdSupport;
		};
		07C823782DCCB30B0090B288 /* FirebaseAppCheck */ = {
			isa = XCSwiftPackageProductDependency;
			package = 07C823712DCCB30B0090B288 /* XCRemoteSwiftPackageReference "firebase-ios-sdk" */;
			productName = FirebaseAppCheck;
		};
		07C8237A2DCCB30B0090B288 /* FirebaseAppDistribution-Beta */ = {
			isa = XCSwiftPackageProductDependency;
			package = 07C823712DCCB30B0090B288 /* XCRemoteSwiftPackageReference "firebase-ios-sdk" */;
			productName = "FirebaseAppDistribution-Beta";
		};
		07C8237E2DCCBA210090B288 /* FirebaseMessaging */ = {
			isa = XCSwiftPackageProductDependency;
			package = 07C823712DCCB30B0090B288 /* XCRemoteSwiftPackageReference "firebase-ios-sdk" */;
			productName = FirebaseMessaging;
		};
		07F471672DAD0A13004E1818 /* Alamofire */ = {
			isa = XCSwiftPackageProductDependency;
			package = 07F4712D2DAD098C004E1818 /* XCRemoteSwiftPackageReference "Alamofire" */;
			productName = Alamofire;
		};
/* End XCSwiftPackageProductDependency section */
	};
	rootObject = 07F470B32DACF5B8004E1818 /* Project object */;
}
